
Microsoft Visual Studio Solution File, Format Version 12.00
# Visual Studio Version 17
VisualStudioVersion = 17.7.34202.233
MinimumVisualStudioVersion = 10.0.40219.1
Project("{FAE04EC0-301F-11D3-BF4B-00C04F79EFBC}") = "practiceproject", "practiceproject\practiceproject.csproj", "{3FC1EE45-CBF4-4E5C-8EC1-8BFE59B7D185}"
EndProject
Global
	GlobalSection(SolutionConfigurationPlatforms) = preSolution
		Debug|Any CPU = Debug|Any CPU
		Release|Any CPU = Release|Any CPU
	EndGlobalSection
	GlobalSection(ProjectConfigurationPlatforms) = postSolution
		{3FC1EE45-CBF4-4E5C-8EC1-8BFE59B7D185}.Debug|Any CPU.ActiveCfg = Debug|Any CPU
		{3FC1EE45-CBF4-4E5C-8EC1-8BFE59B7D185}.Debug|Any CPU.Build.0 = Debug|Any CPU
		{3FC1EE45-CBF4-4E5C-8EC1-8BFE59B7D185}.Release|Any CPU.ActiveCfg = Release|Any CPU
		{3FC1EE45-CBF4-4E5C-8EC1-8BFE59B7D185}.Release|Any CPU.Build.0 = Release|Any CPU
	EndGlobalSection
	GlobalSection(SolutionProperties) = preSolution
		HideSolutionNode = FALSE
	EndGlobalSection
	GlobalSection(ExtensibilityGlobals) = postSolution
		SolutionGuid = {B3518EE6-5AB1-49DB-B15F-63EB74434176}
	EndGlobalSection
EndGlobal
